
Microsoft Visual Studio Solution File, Format Version 12.00
# Visual Studio Version 16
VisualStudioVersion = 25.0.1705.3
MinimumVisualStudioVersion = 10.0.40219.1
Project("{FAE04EC0-301F-11D3-BF4B-00C04F79EFBC}") = "DNS-rzvn", "DNS-rzvn\DNS-rzvn.csproj", "{803F2EC7-F7C0-43D0-98E4-F7EDC8439D49}"
EndProject
Global
	GlobalSection(SolutionConfigurationPlatforms) = preSolution
		Debug|Any CPU = Debug|Any CPU
		Release|Any CPU = Release|Any CPU
	EndGlobalSection
	GlobalSection(ProjectConfigurationPlatforms) = postSolution
		{803F2EC7-F7C0-43D0-98E4-F7EDC8439D49}.Debug|Any CPU.ActiveCfg = Debug|Any CPU
		{803F2EC7-F7C0-43D0-98E4-F7EDC8439D49}.Debug|Any CPU.Build.0 = Debug|Any CPU
		{803F2EC7-F7C0-43D0-98E4-F7EDC8439D49}.Release|Any CPU.ActiveCfg = Release|Any CPU
		{803F2EC7-F7C0-43D0-98E4-F7EDC8439D49}.Release|Any CPU.Build.0 = Release|Any CPU
	EndGlobalSection
	GlobalSection(SolutionProperties) = preSolution
		HideSolutionNode = FALSE
	EndGlobalSection
	GlobalSection(ExtensibilityGlobals) = postSolution
		SolutionGuid = {2CC14C3C-4D6D-408C-BCF1-9EFBFAA39447}
	EndGlobalSection
EndGlobal
